// !$*UTF8*$!
{
	archiveVersion = 1;
	classes = {
	};
	objectVersion = 48;
	objects = {

/* Begin PBXBuildFile section */
		2226CCE21F7AF9BA00F5E34A /* AppDelegate.swift in Sources */ = {isa = PBXBuildFile; fileRef = 2226CCE11F7AF9BA00F5E34A /* AppDelegate.swift */; };
		2226CCE71F7AF9BA00F5E34A /* Main.storyboard in Resources */ = {isa = PBXBuildFile; fileRef = 2226CCE51F7AF9BA00F5E34A /* Main.storyboard */; };
		2226CCE91F7AF9BA00F5E34A /* Assets.xcassets in Resources */ = {isa = PBXBuildFile; fileRef = 2226CCE81F7AF9BA00F5E34A /* Assets.xcassets */; };
		2226CCEC1F7AF9BA00F5E34A /* LaunchScreen.storyboard in Resources */ = {isa = PBXBuildFile; fileRef = 2226CCEA1F7AF9BA00F5E34A /* LaunchScreen.storyboard */; };
		2226CCF61F7AFBF900F5E34A /* StoryInput.swift in Sources */ = {isa = PBXBuildFile; fileRef = 2226CCF51F7AFBF900F5E34A /* StoryInput.swift */; };
		2226CCF81F7AFC0800F5E34A /* StoryOutput.swift in Sources */ = {isa = PBXBuildFile; fileRef = 2226CCF71F7AFC0800F5E34A /* StoryOutput.swift */; };
/* End PBXBuildFile section */

/* Begin PBXFileReference section */
		2226CCDE1F7AF9BA00F5E34A /* SillyStories-Cutler.app */ = {isa = PBXFileReference; explicitFileType = wrapper.application; includeInIndex = 0; path = "SillyStories-Cutler.app"; sourceTree = BUILT_PRODUCTS_DIR; };
		2226CCE11F7AF9BA00F5E34A /* AppDelegate.swift */ = {isa = PBXFileReference; lastKnownFileType = sourcecode.swift; path = AppDelegate.swift; sourceTree = "<group>"; };
		2226CCE61F7AF9BA00F5E34A /* Base */ = {isa = PBXFileReference; lastKnownFileType = file.storyboard; name = Base; path = Base.lproj/Main.storyboard; sourceTree = "<group>"; };
		2226CCE81F7AF9BA00F5E34A /* Assets.xcassets */ = {isa = PBXFileReference; lastKnownFileType = folder.assetcatalog; path = Assets.xcassets; sourceTree = "<group>"; };
		2226CCEB1F7AF9BA00F5E34A /* Base */ = {isa = PBXFileReference; lastKnownFileType = file.storyboard; name = Base; path = Base.lproj/LaunchScreen.storyboard; sourceTree = "<group>"; };
		2226CCED1F7AF9BA00F5E34A /* Info.plist */ = {isa = PBXFileReference; lastKnownFileType = text.plist.xml; path = Info.plist; sourceTree = "<group>"; };
		2226CCF51F7AFBF900F5E34A /* StoryInput.swift */ = {isa = PBXFileReference; lastKnownFileType = sourcecode.swift; path = StoryInput.swift; sourceTree = "<group>"; };
		2226CCF71F7AFC0800F5E34A /* StoryOutput.swift */ = {isa = PBXFileReference; lastKnownFileType = sourcecode.swift; path = StoryOutput.swift; sourceTree = "<group>"; };
/* End PBXFileReference section */

/* Begin PBXFrameworksBuildPhase section */
		2226CCDB1F7AF9BA00F5E34A /* Frameworks */ = {
			isa = PBXFrameworksBuildPhase;
			buildActionMask = 2147483647;
			files = (
			);
			runOnlyForDeploymentPostprocessing = 0;
		};
/* End PBXFrameworksBuildPhase section */

/* Begin PBXGroup section */
		2226CCD51F7AF9BA00F5E34A = {
			isa = PBXGroup;
			children = (
				2226CCE01F7AF9BA00F5E34A /* SillyStories-Cutler */,
				2226CCDF1F7AF9BA00F5E34A /* Products */,
			);
			sourceTree = "<group>";
		};
		2226CCDF1F7AF9BA00F5E34A /* Products */ = {
			isa = PBXGroup;
			children = (
				2226CCDE1F7AF9BA00F5E34A /* SillyStories-Cutler.app */,
			);
			name = Products;
			sourceTree = "<group>";
		};
		2226CCE01F7AF9BA00F5E34A /* SillyStories-Cutler */ = {
			isa = PBXGroup;
			children = (
				2226CCED1F7AF9BA00F5E34A /* Info.plist */,
				2226CCF31F7AF9CE00F5E34A /* Controller */,
				2226CCF41F7AF9E700F5E34A /* View */,
			);
			path = "SillyStories-Cutler";
			sourceTree = "<group>";
		};
		2226CCF31F7AF9CE00F5E34A /* Controller */ = {
			isa = PBXGroup;
			children = (
				2226CCE11F7AF9BA00F5E34A /* AppDelegate.swift */,
				2226CCE51F7AF9BA00F5E34A /* Main.storyboard */,
				2226CCF51F7AFBF900F5E34A /* StoryInput.swift */,
				2226CCF71F7AFC0800F5E34A /* StoryOutput.swift */,
			);
			path = Controller;
			sourceTree = "<group>";
		};
		2226CCF41F7AF9E700F5E34A /* View */ = {
			isa = PBXGroup;
			children = (
				2226CCE81F7AF9BA00F5E34A /* Assets.xcassets */,
				2226CCEA1F7AF9BA00F5E34A /* LaunchScreen.storyboard */,
			);
			path = View;
			sourceTree = "<group>";
		};
/* End PBXGroup section */

/* Begin PBXNativeTarget section */
		2226CCDD1F7AF9BA00F5E34A /* SillyStories-Cutler */ = {
			isa = PBXNativeTarget;
			buildConfigurationList = 2226CCF01F7AF9BA00F5E34A /* Build configuration list for PBXNativeTarget "SillyStories-Cutler" */;
			buildPhases = (
				2226CCDA1F7AF9BA00F5E34A /* Sources */,
				2226CCDB1F7AF9BA00F5E34A /* Frameworks */,
				2226CCDC1F7AF9BA00F5E34A /* Resources */,
			);
			buildRules = (
			);
			dependencies = (
			);
			name = "SillyStories-Cutler";
			productName = "SillyStories-Cutler";
			productReference = 2226CCDE1F7AF9BA00F5E34A /* SillyStories-Cutler.app */;
			productType = "com.apple.product-type.application";
		};
/* End PBXNativeTarget section */

/* Begin PBXProject section */
		2226CCD61F7AF9BA00F5E34A /* Project object */ = {
			isa = PBXProject;
			attributes = {
				LastSwiftUpdateCheck = 0900;
				LastUpgradeCheck = 0900;
				ORGANIZATIONNAME = "Kristen Cutler";
				TargetAttributes = {
					2226CCDD1F7AF9BA00F5E34A = {
						CreatedOnToolsVersion = 9.0;
						ProvisioningStyle = Automatic;
					};
				};
			};
			buildConfigurationList = 2226CCD91F7AF9BA00F5E34A /* Build configuration list for PBXProject "SillyStories-Cutler" */;
			compatibilityVersion = "Xcode 8.0";
			developmentRegion = en;
			hasScannedForEncodings = 0;
			knownRegions = (
				en,
				Base,
			);
			mainGroup = 2226CCD51F7AF9BA00F5E34A;
			productRefGroup = 2226CCDF1F7AF9BA00F5E34A /* Products */;
			projectDirPath = "";
			projectRoot = "";
			targets = (
				2226CCDD1F7AF9BA00F5E34A /* SillyStories-Cutler */,
			);
		};
/* End PBXProject section */

/* Begin PBXResourcesBuildPhase section */
		2226CCDC1F7AF9BA00F5E34A /* Resources */ = {
			isa = PBXResourcesBuildPhase;
			buildActionMask = 2147483647;
			files = (
				2226CCEC1F7AF9BA00F5E34A /* LaunchScreen.storyboard in Resources */,
				2226CCE91F7AF9BA00F5E34A /* Assets.xcassets in Resources */,
				2226CCE71F7AF9BA00F5E34A /* Main.storyboard in Resources */,
			);
			runOnlyForDeploymentPostprocessing = 0;
		};
/* End PBXResourcesBuildPhase section */

/* Begin PBXSourcesBuildPhase section */
		2226CCDA1F7AF9BA00F5E34A /* Sources */ = {
			isa = PBXSourcesBuildPhase;
			buildActionMask = 2147483647;
			files = (
				2226CCF81F7AFC0800F5E34A /* StoryOutput.swift in Sources */,
				2226CCF61F7AFBF900F5E34A /* StoryInput.swift in Sources */,
				2226CCE21F7AF9BA00F5E34A /* AppDelegate.swift in Sources */,
			);
			runOnlyForDeploymentPostprocessing = 0;
		};
/* End PBXSourcesBuildPhase section */

/* Begin PBXVariantGroup section */
		2226CCE51F7AF9BA00F5E34A /* Main.storyboard */ = {
			isa = PBXVariantGroup;
			children = (
				2226CCE61F7AF9BA00F5E34A /* Base */,
			);
			name = Main.storyboard;
			sourceTree = "<group>";
		};
		2226CCEA1F7AF9BA00F5E34A /* LaunchScreen.storyboard */ = {
			isa = PBXVariantGroup;
			children = (
				2226CCEB1F7AF9BA00F5E34A /* Base */,
			);
			name = LaunchScreen.storyboard;
			sourceTree = "<group>";
		};
/* End PBXVariantGroup section */

/* Begin XCBuildConfiguration section */
		2226CCEE1F7AF9BA00F5E34A /* Debug */ = {
			isa = XCBuildConfiguration;
			buildSettings = {
				ALWAYS_SEARCH_USER_PATHS = NO;
				CLANG_ANALYZER_NONNULL = YES;
				CLANG_ANALYZER_NUMBER_OBJECT_CONVERSION = YES_AGGRESSIVE;
				CLANG_CXX_LANGUAGE_STANDARD = "gnu++14";
				CLANG_CXX_LIBRARY = "libc++";
				CLANG_ENABLE_MODULES = YES;
				CLANG_ENABLE_OBJC_ARC = YES;
				CLANG_WARN_BLOCK_CAPTURE_AUTORELEASING = YES;
				CLANG_WARN_BOOL_CONVERSION = YES;
				CLANG_WARN_COMMA = YES;
				CLANG_WARN_CONSTANT_CONVERSION = YES;
				CLANG_WARN_DIRECT_OBJC_ISA_USAGE = YES_ERROR;
				CLANG_WARN_DOCUMENTATION_COMMENTS = YES;
				CLANG_WARN_EMPTY_BODY = YES;
				CLANG_WARN_ENUM_CONVERSION = YES;
				CLANG_WARN_INFINITE_RECURSION = YES;
				CLANG_WARN_INT_CONVERSION = YES;
				CLANG_WARN_NON_LITERAL_NULL_CONVERSION = YES;
				CLANG_WARN_OBJC_LITERAL_CONVERSION = YES;
				CLANG_WARN_OBJC_ROOT_CLASS = YES_ERROR;
				CLANG_WARN_RANGE_LOOP_ANALYSIS = YES;
				CLANG_WARN_STRICT_PROTOTYPES = YES;
				CLANG_WARN_SUSPICIOUS_MOVE = YES;
				CLANG_WARN_UNGUARDED_AVAILABILITY = YES_AGGRESSIVE;
				CLANG_WARN_UNREACHABLE_CODE = YES;
				CLANG_WARN__DUPLICATE_METHOD_MATCH = YES;
				CODE_SIGN_IDENTITY = "iPhone Developer";
				COPY_PHASE_STRIP = NO;
				DEBUG_INFORMATION_FORMAT = dwarf;
				ENABLE_STRICT_OBJC_MSGSEND = YES;
				ENABLE_TESTABILITY = YES;
				GCC_C_LANGUAGE_STANDARD = gnu11;
				GCC_DYNAMIC_NO_PIC = NO;
				GCC_NO_COMMON_BLOCKS = YES;
				GCC_OPTIMIZATION_LEVEL = 0;
				GCC_PREPROCESSOR_DEFINITIONS = (
					"DEBUG=1",
					"$(inherited)",
				);
				GCC_WARN_64_TO_32_BIT_CONVERSION = YES;
				GCC_WARN_ABOUT_RETURN_TYPE = YES_ERROR;
				GCC_WARN_UNDECLARED_SELECTOR = YES;
				GCC_WARN_UNINITIALIZED_AUTOS = YES_AGGRESSIVE;
				GCC_WARN_UNUSED_FUNCTION = YES;
				GCC_WARN_UNUSED_VARIABLE = YES;
				IPHONEOS_DEPLOYMENT_TARGET = 11.0;
				MTL_ENABLE_DEBUG_INFO = YES;
				ONLY_ACTIVE_ARCH = YES;
				SDKROOT = iphoneos;
				SWIFT_ACTIVE_COMPILATION_CONDITIONS = DEBUG;
				SWIFT_OPTIMIZATION_LEVEL = "-Onone";
			};
			name = Debug;
		};
		2226CCEF1F7AF9BA00F5E34A /* Release */ = {
			isa = XCBuildConfiguration;
			buildSettings = {
				ALWAYS_SEARCH_USER_PATHS = NO;
				CLANG_ANALYZER_NONNULL = YES;
				CLANG_ANALYZER_NUMBER_OBJECT_CONVERSION = YES_AGGRESSIVE;
				CLANG_CXX_LANGUAGE_STANDARD = "gnu++14";
				CLANG_CXX_LIBRARY = "libc++";
				CLANG_ENABLE_MODULES = YES;
				CLANG_ENABLE_OBJC_ARC = YES;
				CLANG_WARN_BLOCK_CAPTURE_AUTORELEASING = YES;
				CLANG_WARN_BOOL_CONVERSION = YES;
				CLANG_WARN_COMMA = YES;
				CLANG_WARN_CONSTANT_CONVERSION = YES;
				CLANG_WARN_DIRECT_OBJC_ISA_USAGE = YES_ERROR;
				CLANG_WARN_DOCUMENTATION_COMMENTS = YES;
				CLANG_WARN_EMPTY_BODY = YES;
				CLANG_WARN_ENUM_CONVERSION = YES;
				CLANG_WARN_INFINITE_RECURSION = YES;
				CLANG_WARN_INT_CONVERSION = YES;
				CLANG_WARN_NON_LITERAL_NULL_CONVERSION = YES;
				CLANG_WARN_OBJC_LITERAL_CONVERSION = YES;
				CLANG_WARN_OBJC_ROOT_CLASS = YES_ERROR;
				CLANG_WARN_RANGE_LOOP_ANALYSIS = YES;
				CLANG_WARN_STRICT_PROTOTYPES = YES;
				CLANG_WARN_SUSPICIOUS_MOVE = YES;
				CLANG_WARN_UNGUARDED_AVAILABILITY = YES_AGGRESSIVE;
				CLANG_WARN_UNREACHABLE_CODE = YES;
				CLANG_WARN__DUPLICATE_METHOD_MATCH = YES;
				CODE_SIGN_IDENTITY = "iPhone Developer";
				COPY_PHASE_STRIP = NO;
				DEBUG_INFORMATION_FORMAT = "dwarf-with-dsym";
				ENABLE_NS_ASSERTIONS = NO;
				ENABLE_STRICT_OBJC_MSGSEND = YES;
				GCC_C_LANGUAGE_STANDARD = gnu11;
				GCC_NO_COMMON_BLOCKS = YES;
				GCC_WARN_64_TO_32_BIT_CONVERSION = YES;
				GCC_WARN_ABOUT_RETURN_TYPE = YES_ERROR;
				GCC_WARN_UNDECLARED_SELECTOR = YES;
				GCC_WARN_UNINITIALIZED_AUTOS = YES_AGGRESSIVE;
				GCC_WARN_UNUSED_FUNCTION = YES;
				GCC_WARN_UNUSED_VARIABLE = YES;
				IPHONEOS_DEPLOYMENT_TARGET = 11.0;
				MTL_ENABLE_DEBUG_INFO = NO;
				SDKROOT = iphoneos;
				SWIFT_OPTIMIZATION_LEVEL = "-Owholemodule";
				VALIDATE_PRODUCT = YES;
			};
			name = Release;
		};
		2226CCF11F7AF9BA00F5E34A /* Debug */ = {
			isa = XCBuildConfiguration;
			buildSettings = {
				ASSETCATALOG_COMPILER_APPICON_NAME = AppIcon;
				CODE_SIGN_STYLE = Automatic;
				INFOPLIST_FILE = "SillyStories-Cutler/Info.plist";
				LD_RUNPATH_SEARCH_PATHS = "$(inherited) @executable_path/Frameworks";
				PRODUCT_BUNDLE_IDENTIFIER = "millscs.SillyStories-Cutler";
				PRODUCT_NAME = "$(TARGET_NAME)";
				SWIFT_VERSION = 4.0;
				TARGETED_DEVICE_FAMILY = "1,2";
			};
			name = Debug;
		};
		2226CCF21F7AF9BA00F5E34A /* Release */ = {
			isa = XCBuildConfiguration;
			buildSettings = {
				ASSETCATALOG_COMPILER_APPICON_NAME = AppIcon;
				CODE_SIGN_STYLE = Automatic;
				INFOPLIST_FILE = "SillyStories-Cutler/Info.plist";
				LD_RUNPATH_SEARCH_PATHS = "$(inherited) @executable_path/Frameworks";
				PRODUCT_BUNDLE_IDENTIFIER = "millscs.SillyStories-Cutler";
				PRODUCT_NAME = "$(TARGET_NAME)";
				SWIFT_VERSION = 4.0;
				TARGETED_DEVICE_FAMILY = "1,2";
			};
			name = Release;
		};
/* End XCBuildConfiguration section */

/* Begin XCConfigurationList section */
		2226CCD91F7AF9BA00F5E34A /* Build configuration list for PBXProject "SillyStories-Cutler" */ = {
			isa = XCConfigurationList;
			buildConfigurations = (
				2226CCEE1F7AF9BA00F5E34A /* Debug */,
				2226CCEF1F7AF9BA00F5E34A /* Release */,
			);
			defaultConfigurationIsVisible = 0;
			defaultConfigurationName = Release;
		};
		2226CCF01F7AF9BA00F5E34A /* Build configuration list for PBXNativeTarget "SillyStories-Cutler" */ = {
			isa = XCConfigurationList;
			buildConfigurations = (
				2226CCF11F7AF9BA00F5E34A /* Debug */,
				2226CCF21F7AF9BA00F5E34A /* Release */,
			);
			defaultConfigurationIsVisible = 0;
			defaultConfigurationName = Release;
		};
/* End XCConfigurationList section */
	};
	rootObject = 2226CCD61F7AF9BA00F5E34A /* Project object */;
}
